// !$*UTF8*$!
{
	archiveVersion = 1;
	classes = {
	};
	objectVersion = 77;
	objects = {

/* Begin PBXBuildFile section */
		074AD187AC2759F94CD10271 /* CredentialProviderExtension.appex in Embed App Extensions */ = {isa = PBXBuildFile; fileRef = E85A4517458D969C283DB4FD /* CredentialProviderExtension.appex */; settings = {ATTRIBUTES = (RemoveHeadersOnCopy, ); }; };
		0D41E42F480FF24A91DCFAEE /* Token.swift in Sources */ = {isa = PBXBuildFile; fileRef = D24D99AB8AF17D1669E3FC50 /* Token.swift */; };
		1438DA878722BB1E72CCE7D4 /* Data+OTP.swift in Sources */ = {isa = PBXBuildFile; fileRef = AF2B0B7D4EEB1C81FA9FB12D /* Data+OTP.swift */; };
		16709C643C3CBECC9AF24B78 /* Algorithm.swift in Sources */ = {isa = PBXBuildFile; fileRef = CA231C91EF4C007C15003208 /* Algorithm.swift */; };
		350293D21031A83EC59B9BFD /* OTPGenerator.swift in Sources */ = {isa = PBXBuildFile; fileRef = 1563D2292A4F2DC6DCF98059 /* OTPGenerator.swift */; };
		3F422716617BE8F1B48814FD /* TokenError.swift in Sources */ = {isa = PBXBuildFile; fileRef = 4AF4561661DA4E77C0326C7D /* TokenError.swift */; };
		460FE1A12F71DAF000839783 /* CryptoKit.framework in Frameworks */ = {isa = PBXBuildFile; fileRef = 460FE1A02F71DAF000839783 /* CryptoKit.framework */; };
		460FE1A32F71DAFA00839783 /* LocalAuthentication.framework in Frameworks */ = {isa = PBXBuildFile; fileRef = 460FE1A22F71DAFA00839783 /* LocalAuthentication.framework */; };
		460FE1A52F71DB0A00839783 /* Security.framework in Frameworks */ = {isa = PBXBuildFile; fileRef = 460FE1A42F71DB0A00839783 /* Security.framework */; };
		460FE1A72F71DB1500839783 /* AVFoundation.framework in Frameworks */ = {isa = PBXBuildFile; fileRef = 460FE1A62F71DB1500839783 /* AVFoundation.framework */; };
		5582814AD40C14339F295BB5 /* Foundation.framework in Frameworks */ = {isa = PBXBuildFile; fileRef = A6BC041B186C747E42A70C1E /* Foundation.framework */; };
		60B96A1AA119509909FE6B0E /* String+Base32.swift in Sources */ = {isa = PBXBuildFile; fileRef = A2F0D9FF7FBBF6C430735AB4 /* String+Base32.swift */; };
		AA10C0257A475000000B0001 /* Constants.swift in Sources */ = {isa = PBXBuildFile; fileRef = AA10C0257A475000000C0001 /* Constants.swift */; };
		AA10C0257A475000000B0002 /* BrandKeyword.swift in Sources */ = {isa = PBXBuildFile; fileRef = AA10C0257A475000000C0002 /* BrandKeyword.swift */; };
		B3F0832294C053088B69D05D /* CredentialProviderViewController.swift in Sources */ = {isa = PBXBuildFile; fileRef = A56E80C0A7B25F37BE473A01 /* CredentialProviderViewController.swift */; };
/* End PBXBuildFile section */

/* Begin PBXContainerItemProxy section */
		249251E8BB2F1957CF3A72A9 /* PBXContainerItemProxy */ = {
			isa = PBXContainerItemProxy;
			containerPortal = 460FE1832F71DA2E00839783 /* Project object */;
			proxyType = 1;
			remoteGlobalIDString = 5A7FF73FE3AD6B373EB83E3B;
			remoteInfo = CredentialProviderExtension;
		};
		46AA00062F71DA2E00839783 /* PBXContainerItemProxy */ = {
			isa = PBXContainerItemProxy;
			containerPortal = 460FE1832F71DA2E00839783 /* Project object */;
			proxyType = 1;
			remoteGlobalIDString = 460FE18A2F71DA2E00839783;
			remoteInfo = "Keya Authenticator";
		};
/* End PBXContainerItemProxy section */

/* Begin PBXCopyFilesBuildPhase section */
		9A5899597CC20CC7C647A920 /* Embed App Extensions */ = {
			isa = PBXCopyFilesBuildPhase;
			buildActionMask = 2147483647;
			dstPath = "";
			dstSubfolderSpec = 13;
			files = (
				074AD187AC2759F94CD10271 /* CredentialProviderExtension.appex in Embed App Extensions */,
			);
			name = "Embed App Extensions";
			runOnlyForDeploymentPostprocessing = 0;
		};
/* End PBXCopyFilesBuildPhase section */

/* Begin PBXFileReference section */
		1563D2292A4F2DC6DCF98059 /* OTPGenerator.swift */ = {isa = PBXFileReference; includeInIndex = 1; lastKnownFileType = sourcecode.swift; name = OTPGenerator.swift; path = "Keya Authenticator/Services/OTPGenerator.swift"; sourceTree = SOURCE_ROOT; };
		460FE18B2F71DA2F00839783 /* Keya Authenticator.app */ = {isa = PBXFileReference; explicitFileType = wrapper.application; includeInIndex = 0; path = "Keya Authenticator.app"; sourceTree = BUILT_PRODUCTS_DIR; };
		460FE1A02F71DAF000839783 /* CryptoKit.framework */ = {isa = PBXFileReference; lastKnownFileType = wrapper.framework; name = CryptoKit.framework; path = System/Library/Frameworks/CryptoKit.framework; sourceTree = SDKROOT; };
		460FE1A22F71DAFA00839783 /* LocalAuthentication.framework */ = {isa = PBXFileReference; lastKnownFileType = wrapper.framework; name = LocalAuthentication.framework; path = System/Library/Frameworks/LocalAuthentication.framework; sourceTree = SDKROOT; };
		460FE1A42F71DB0A00839783 /* Security.framework */ = {isa = PBXFileReference; lastKnownFileType = wrapper.framework; name = Security.framework; path = System/Library/Frameworks/Security.framework; sourceTree = SDKROOT; };
		460FE1A62F71DB1500839783 /* AVFoundation.framework */ = {isa = PBXFileReference; lastKnownFileType = wrapper.framework; name = AVFoundation.framework; path = System/Library/Frameworks/AVFoundation.framework; sourceTree = SDKROOT; };
		46AA00012F71DA2E00839783 /* Keya AuthenticatorTests.xctest */ = {isa = PBXFileReference; explicitFileType = wrapper.cfbundle; includeInIndex = 0; path = "Keya AuthenticatorTests.xctest"; sourceTree = BUILT_PRODUCTS_DIR; };
		4AF4561661DA4E77C0326C7D /* TokenError.swift */ = {isa = PBXFileReference; includeInIndex = 1; lastKnownFileType = sourcecode.swift; name = TokenError.swift; path = "Keya Authenticator/Models/TokenError.swift"; sourceTree = SOURCE_ROOT; };
		A2F0D9FF7FBBF6C430735AB4 /* String+Base32.swift */ = {isa = PBXFileReference; includeInIndex = 1; lastKnownFileType = sourcecode.swift; name = "String+Base32.swift"; path = "Keya Authenticator/Utils/Extensions/String+Base32.swift"; sourceTree = SOURCE_ROOT; };
		A56E80C0A7B25F37BE473A01 /* CredentialProviderViewController.swift */ = {isa = PBXFileReference; includeInIndex = 1; lastKnownFileType = sourcecode.swift; path = CredentialProviderViewController.swift; sourceTree = "<group>"; };
		A6BC041B186C747E42A70C1E /* Foundation.framework */ = {isa = PBXFileReference; lastKnownFileType = wrapper.framework; name = Foundation.framework; path = Platforms/iPhoneOS.platform/Developer/SDKs/iPhoneOS18.0.sdk/System/Library/Frameworks/Foundation.framework; sourceTree = DEVELOPER_DIR; };
		AA10C0257A475000000C0001 /* Constants.swift */ = {isa = PBXFileReference; includeInIndex = 1; lastKnownFileType = sourcecode.swift; name = Constants.swift; path = "Keya Authenticator/Utils/Constants.swift"; sourceTree = SOURCE_ROOT; };
		AA10C0257A475000000C0002 /* BrandKeyword.swift */ = {isa = PBXFileReference; includeInIndex = 1; lastKnownFileType = sourcecode.swift; name = BrandKeyword.swift; path = "Keya Authenticator/Utils/BrandKeyword.swift"; sourceTree = SOURCE_ROOT; };
		AF2B0B7D4EEB1C81FA9FB12D /* Data+OTP.swift */ = {isa = PBXFileReference; includeInIndex = 1; lastKnownFileType = sourcecode.swift; name = "Data+OTP.swift"; path = "Keya Authenticator/Utils/Extensions/Data+OTP.swift"; sourceTree = SOURCE_ROOT; };
		CA231C91EF4C007C15003208 /* Algorithm.swift */ = {isa = PBXFileReference; includeInIndex = 1; lastKnownFileType = sourcecode.swift; name = Algorithm.swift; path = "Keya Authenticator/Models/Algorithm.swift"; sourceTree = SOURCE_ROOT; };
		D24D99AB8AF17D1669E3FC50 /* Token.swift */ = {isa = PBXFileReference; includeInIndex = 1; lastKnownFileType = sourcecode.swift; name = Token.swift; path = "Keya Authenticator/Models/Token.swift"; sourceTree = SOURCE_ROOT; };
		E85A4517458D969C283DB4FD /* CredentialProviderExtension.appex */ = {isa = PBXFileReference; explicitFileType = "wrapper.app-extension"; includeInIndex = 0; path = CredentialProviderExtension.appex; sourceTree = BUILT_PRODUCTS_DIR; };
		FA31F7A32993716293DA3D11 /* Info.plist */ = {isa = PBXFileReference; includeInIndex = 1; lastKnownFileType = text.plist.xml; path = Info.plist; sourceTree = "<group>"; };
/* End PBXFileReference section */

/* Begin PBXFileSystemSynchronizedBuildFileExceptionSet section */
		460FE1D72F71E10D00839783 /* Exceptions for "Keya Authenticator" folder in "Keya Authenticator" target */ = {
			isa = PBXFileSystemSynchronizedBuildFileExceptionSet;
			membershipExceptions = (
				Resources/Info.plist,
			);
			target = 460FE18A2F71DA2E00839783 /* Keya Authenticator */;
		};
/* End PBXFileSystemSynchronizedBuildFileExceptionSet section */

/* Begin PBXFileSystemSynchronizedRootGroup section */
		460FE18D2F71DA2F00839783 /* Keya Authenticator */ = {
			isa = PBXFileSystemSynchronizedRootGroup;
			exceptions = (
				460FE1D72F71E10D00839783 /* Exceptions for "Keya Authenticator" folder in "Keya Authenticator" target */,
			);
			path = "Keya Authenticator";
			sourceTree = "<group>";
		};
		46AA00022F71DA2E00839783 /* Tests */ = {
			isa = PBXFileSystemSynchronizedRootGroup;
			path = Tests;
			sourceTree = "<group>";
		};
/* End PBXFileSystemSynchronizedRootGroup section */

/* Begin PBXFrameworksBuildPhase section */
		428CE173E2B619CC373D1190 /* Frameworks */ = {
			isa = PBXFrameworksBuildPhase;
			buildActionMask = 2147483647;
			files = (
				5582814AD40C14339F295BB5 /* Foundation.framework in Frameworks */,
			);
			runOnlyForDeploymentPostprocessing = 0;
		};
		460FE1882F71DA2E00839783 /* Frameworks */ = {
			isa = PBXFrameworksBuildPhase;
			buildActionMask = 2147483647;
			files = (
				460FE1A72F71DB1500839783 /* AVFoundation.framework in Frameworks */,
				460FE1A32F71DAFA00839783 /* LocalAuthentication.framework in Frameworks */,
				460FE1A52F71DB0A00839783 /* Security.framework in Frameworks */,
				460FE1A12F71DAF000839783 /* CryptoKit.framework in Frameworks */,
			);
			runOnlyForDeploymentPostprocessing = 0;
		};
		46AA00042F71DA2E00839783 /* Frameworks */ = {
			isa = PBXFrameworksBuildPhase;
			buildActionMask = 2147483647;
			files = (
			);
			runOnlyForDeploymentPostprocessing = 0;
		};
/* End PBXFrameworksBuildPhase section */

/* Begin PBXGroup section */
		16F7847384A2B0A51D2041E7 /* CredentialProviderExtension */ = {
			isa = PBXGroup;
			children = (
				FA31F7A32993716293DA3D11 /* Info.plist */,
				A56E80C0A7B25F37BE473A01 /* CredentialProviderViewController.swift */,
				AF372162D3839588E36F7729 /* Shared Sources */,
			);
			path = CredentialProviderExtension;
			sourceTree = "<group>";
		};
		3C7E7A86983E31186183660B /* iOS */ = {
			isa = PBXGroup;
			children = (
				A6BC041B186C747E42A70C1E /* Foundation.framework */,
			);
			name = iOS;
			sourceTree = "<group>";
		};
		460FE1822F71DA2E00839783 = {
			isa = PBXGroup;
			children = (
				460FE18D2F71DA2F00839783 /* Keya Authenticator */,
				46AA00022F71DA2E00839783 /* Tests */,
				460FE19F2F71DAF000839783 /* Frameworks */,
				460FE18C2F71DA2F00839783 /* Products */,
				16F7847384A2B0A51D2041E7 /* CredentialProviderExtension */,
				D24D99AB8AF17D1669E3FC50 /* Token.swift */,
				CA231C91EF4C007C15003208 /* Algorithm.swift */,
				4AF4561661DA4E77C0326C7D /* TokenError.swift */,
				1563D2292A4F2DC6DCF98059 /* OTPGenerator.swift */,
				A2F0D9FF7FBBF6C430735AB4 /* String+Base32.swift */,
				AF2B0B7D4EEB1C81FA9FB12D /* Data+OTP.swift */,
				AA10C0257A475000000C0001 /* Constants.swift */,
				AA10C0257A475000000C0002 /* BrandKeyword.swift */,
			);
			sourceTree = "<group>";
		};
		460FE18C2F71DA2F00839783 /* Products */ = {
			isa = PBXGroup;
			children = (
				460FE18B2F71DA2F00839783 /* Keya Authenticator.app */,
				46AA00012F71DA2E00839783 /* Keya AuthenticatorTests.xctest */,
				E85A4517458D969C283DB4FD /* CredentialProviderExtension.appex */,
			);
			name = Products;
			sourceTree = "<group>";
		};
		460FE19F2F71DAF000839783 /* Frameworks */ = {
			isa = PBXGroup;
			children = (
				460FE1A62F71DB1500839783 /* AVFoundation.framework */,
				460FE1A42F71DB0A00839783 /* Security.framework */,
				460FE1A22F71DAFA00839783 /* LocalAuthentication.framework */,
				460FE1A02F71DAF000839783 /* CryptoKit.framework */,
				3C7E7A86983E31186183660B /* iOS */,
			);
			name = Frameworks;
			sourceTree = "<group>";
		};
		AF372162D3839588E36F7729 /* Shared Sources */ = {
			isa = PBXGroup;
			children = (
			);
			name = "Shared Sources";
			sourceTree = "<group>";
		};
/* End PBXGroup section */

/* Begin PBXNativeTarget section */
		460FE18A2F71DA2E00839783 /* Keya Authenticator */ = {
			isa = PBXNativeTarget;
			buildConfigurationList = 460FE1962F71DA3200839783 /* Build configuration list for PBXNativeTarget "Keya Authenticator" */;
			buildPhases = (
				460FE1872F71DA2E00839783 /* Sources */,
				460FE1882F71DA2E00839783 /* Frameworks */,
				460FE1892F71DA2E00839783 /* Resources */,
				46BB00012F71DA2E00839783 /* SwiftLint */,
				46CC00012F71DA2E00839783 /* SwiftFormat */,
				9A5899597CC20CC7C647A920 /* Embed App Extensions */,
			);
			buildRules = (
			);
			dependencies = (
				F1703762A40514B0204AC66A /* PBXTargetDependency */,
			);
			fileSystemSynchronizedGroups = (
				460FE18D2F71DA2F00839783 /* Keya Authenticator */,
			);
			name = "Keya Authenticator";
			productName = "Keya Authenticator";
			productReference = 460FE18B2F71DA2F00839783 /* Keya Authenticator.app */;
			productType = "com.apple.product-type.application";
		};
		46AA00082F71DA2E00839783 /* Keya AuthenticatorTests */ = {
			isa = PBXNativeTarget;
			buildConfigurationList = 46AA00092F71DA2E00839783 /* Build configuration list for PBXNativeTarget "Keya AuthenticatorTests" */;
			buildPhases = (
				46AA00032F71DA2E00839783 /* Sources */,
				46AA00042F71DA2E00839783 /* Frameworks */,
				46AA00052F71DA2E00839783 /* Resources */,
			);
			buildRules = (
			);
			dependencies = (
				46AA00072F71DA2E00839783 /* PBXTargetDependency */,
			);
			fileSystemSynchronizedGroups = (
				46AA00022F71DA2E00839783 /* Tests */,
			);
			name = "Keya AuthenticatorTests";
			productName = "Keya AuthenticatorTests";
			productReference = 46AA00012F71DA2E00839783 /* Keya AuthenticatorTests.xctest */;
			productType = "com.apple.product-type.bundle.unit-test";
		};
		5A7FF73FE3AD6B373EB83E3B /* CredentialProviderExtension */ = {
			isa = PBXNativeTarget;
			buildConfigurationList = 7AEFB84C86C326E3981A5648 /* Build configuration list for PBXNativeTarget "CredentialProviderExtension" */;
			buildPhases = (
				F068DE3A05F80F13FA6E1BAC /* Sources */,
				428CE173E2B619CC373D1190 /* Frameworks */,
				BFD1D19237AAFDA91CEA1725 /* Resources */,
			);
			buildRules = (
			);
			dependencies = (
			);
			name = CredentialProviderExtension;
			productName = CredentialProviderExtension;
			productReference = E85A4517458D969C283DB4FD /* CredentialProviderExtension.appex */;
			productType = "com.apple.product-type.app-extension";
		};
/* End PBXNativeTarget section */

/* Begin PBXProject section */
		460FE1832F71DA2E00839783 /* Project object */ = {
			isa = PBXProject;
			attributes = {
				BuildIndependentTargetsInParallel = 1;
				LastSwiftUpdateCheck = 2630;
				LastUpgradeCheck = 2630;
				TargetAttributes = {
					460FE18A2F71DA2E00839783 = {
						CreatedOnToolsVersion = 26.3;
					};
					46AA00082F71DA2E00839783 = {
						CreatedOnToolsVersion = 26.3;
						TestTargetID = 460FE18A2F71DA2E00839783;
					};
				};
			};
			buildConfigurationList = 460FE1862F71DA2E00839783 /* Build configuration list for PBXProject "Keya Authenticator" */;
			developmentRegion = en;
			hasScannedForEncodings = 0;
			knownRegions = (
				en,
				Base,
				ja,
				ko,
				fr,
				"pt-BR",
				"es-419",
			);
			mainGroup = 460FE1822F71DA2E00839783;
			minimizedProjectReferenceProxies = 1;
			preferredProjectObjectVersion = 77;
			productRefGroup = 460FE18C2F71DA2F00839783 /* Products */;
			projectDirPath = "";
			projectRoot = "";
			targets = (
				460FE18A2F71DA2E00839783 /* Keya Authenticator */,
				46AA00082F71DA2E00839783 /* Keya AuthenticatorTests */,
				5A7FF73FE3AD6B373EB83E3B /* CredentialProviderExtension */,
			);
		};
/* End PBXProject section */

/* Begin PBXResourcesBuildPhase section */
		460FE1892F71DA2E00839783 /* Resources */ = {
			isa = PBXResourcesBuildPhase;
			buildActionMask = 2147483647;
			files = (
			);
			runOnlyForDeploymentPostprocessing = 0;
		};
		46AA00052F71DA2E00839783 /* Resources */ = {
			isa = PBXResourcesBuildPhase;
			buildActionMask = 2147483647;
			files = (
			);
			runOnlyForDeploymentPostprocessing = 0;
		};
		BFD1D19237AAFDA91CEA1725 /* Resources */ = {
			isa = PBXResourcesBuildPhase;
			buildActionMask = 2147483647;
			files = (
			);
			runOnlyForDeploymentPostprocessing = 0;
		};
/* End PBXResourcesBuildPhase section */

/* Begin PBXShellScriptBuildPhase section */
		46BB00012F71DA2E00839783 /* SwiftLint */ = {
			isa = PBXShellScriptBuildPhase;
			alwaysOutOfDate = 1;
			buildActionMask = 2147483647;
			files = (
			);
			inputFileListPaths = (
			);
			inputPaths = (
			);
			name = SwiftLint;
			outputFileListPaths = (
			);
			outputPaths = (
			);
			runOnlyForDeploymentPostprocessing = 0;
			shellPath = /bin/sh;
			shellScript = "if which swiftlint > /dev/null; then\n  swiftlint\nelse\n  echo \"warning: SwiftLint not installed — run: brew install swiftlint\"\nfi\n";
		};
		46CC00012F71DA2E00839783 /* SwiftFormat */ = {
			isa = PBXShellScriptBuildPhase;
			alwaysOutOfDate = 1;
			buildActionMask = 2147483647;
			files = (
			);
			inputFileListPaths = (
			);
			inputPaths = (
			);
			name = SwiftFormat;
			outputFileListPaths = (
			);
			outputPaths = (
			);
			runOnlyForDeploymentPostprocessing = 0;
			shellPath = /bin/sh;
			shellScript = "if which swiftformat > /dev/null; then\n  swiftformat \"${SRCROOT}/Keya Authenticator\" --config \"${SRCROOT}/.swiftformat\" --quiet\nelse\n  echo \"warning: SwiftFormat not installed — run: brew install swiftformat\"\nfi\n";
		};
/* End PBXShellScriptBuildPhase section */

/* Begin PBXSourcesBuildPhase section */
		460FE1872F71DA2E00839783 /* Sources */ = {
			isa = PBXSourcesBuildPhase;
			buildActionMask = 2147483647;
			files = (
			);
			runOnlyForDeploymentPostprocessing = 0;
		};
		46AA00032F71DA2E00839783 /* Sources */ = {
			isa = PBXSourcesBuildPhase;
			buildActionMask = 2147483647;
			files = (
			);
			runOnlyForDeploymentPostprocessing = 0;
		};
		F068DE3A05F80F13FA6E1BAC /* Sources */ = {
			isa = PBXSourcesBuildPhase;
			buildActionMask = 2147483647;
			files = (
				B3F0832294C053088B69D05D /* CredentialProviderViewController.swift in Sources */,
				0D41E42F480FF24A91DCFAEE /* Token.swift in Sources */,
				16709C643C3CBECC9AF24B78 /* Algorithm.swift in Sources */,
				3F422716617BE8F1B48814FD /* TokenError.swift in Sources */,
				350293D21031A83EC59B9BFD /* OTPGenerator.swift in Sources */,
				60B96A1AA119509909FE6B0E /* String+Base32.swift in Sources */,
				1438DA878722BB1E72CCE7D4 /* Data+OTP.swift in Sources */,
				AA10C0257A475000000B0001 /* Constants.swift in Sources */,
				AA10C0257A475000000B0002 /* BrandKeyword.swift in Sources */,
			);
			runOnlyForDeploymentPostprocessing = 0;
		};
/* End PBXSourcesBuildPhase section */

/* Begin PBXTargetDependency section */
		46AA00072F71DA2E00839783 /* PBXTargetDependency */ = {
			isa = PBXTargetDependency;
			target = 460FE18A2F71DA2E00839783 /* Keya Authenticator */;
			targetProxy = 46AA00062F71DA2E00839783 /* PBXContainerItemProxy */;
		};
		F1703762A40514B0204AC66A /* PBXTargetDependency */ = {
			isa = PBXTargetDependency;
			name = CredentialProviderExtension;
			target = 5A7FF73FE3AD6B373EB83E3B /* CredentialProviderExtension */;
			targetProxy = 249251E8BB2F1957CF3A72A9 /* PBXContainerItemProxy */;
		};
/* End PBXTargetDependency section */

/* Begin XCBuildConfiguration section */
		460FE1942F71DA3200839783 /* Debug */ = {
			isa = XCBuildConfiguration;
			buildSettings = {
				ALWAYS_SEARCH_USER_PATHS = NO;
				ASSETCATALOG_COMPILER_GENERATE_SWIFT_ASSET_SYMBOL_EXTENSIONS = YES;
				CLANG_ANALYZER_NONNULL = YES;
				CLANG_ANALYZER_NUMBER_OBJECT_CONVERSION = YES_AGGRESSIVE;
				CLANG_CXX_LANGUAGE_STANDARD = "gnu++20";
				CLANG_ENABLE_MODULES = YES;
				CLANG_ENABLE_OBJC_ARC = YES;
				CLANG_ENABLE_OBJC_WEAK = YES;
				CLANG_WARN_BLOCK_CAPTURE_AUTORELEASING = YES;
				CLANG_WARN_BOOL_CONVERSION = YES;
				CLANG_WARN_COMMA = YES;
				CLANG_WARN_CONSTANT_CONVERSION = YES;
				CLANG_WARN_DEPRECATED_OBJC_IMPLEMENTATIONS = YES;
				CLANG_WARN_DIRECT_OBJC_ISA_USAGE = YES_ERROR;
				CLANG_WARN_DOCUMENTATION_COMMENTS = YES;
				CLANG_WARN_EMPTY_BODY = YES;
				CLANG_WARN_ENUM_CONVERSION = YES;
				CLANG_WARN_INFINITE_RECURSION = YES;
				CLANG_WARN_INT_CONVERSION = YES;
				CLANG_WARN_NON_LITERAL_NULL_CONVERSION = YES;
				CLANG_WARN_OBJC_IMPLICIT_RETAIN_SELF = YES;
				CLANG_WARN_OBJC_LITERAL_CONVERSION = YES;
				CLANG_WARN_OBJC_ROOT_CLASS = YES_ERROR;
				CLANG_WARN_QUOTED_INCLUDE_IN_FRAMEWORK_HEADER = YES;
				CLANG_WARN_RANGE_LOOP_ANALYSIS = YES;
				CLANG_WARN_STRICT_PROTOTYPES = YES;
				CLANG_WARN_SUSPICIOUS_MOVE = YES;
				CLANG_WARN_UNGUARDED_AVAILABILITY = YES_AGGRESSIVE;
				CLANG_WARN_UNREACHABLE_CODE = YES;
				CLANG_WARN__DUPLICATE_METHOD_MATCH = YES;
				COPY_PHASE_STRIP = NO;
				DEBUG_INFORMATION_FORMAT = dwarf;
				DEVELOPMENT_TEAM = "";
				ENABLE_STRICT_OBJC_MSGSEND = YES;
				ENABLE_TESTABILITY = YES;
				ENABLE_USER_SCRIPT_SANDBOXING = NO;
				GCC_C_LANGUAGE_STANDARD = gnu17;
				GCC_DYNAMIC_NO_PIC = NO;
				GCC_NO_COMMON_BLOCKS = YES;
				GCC_OPTIMIZATION_LEVEL = 0;
				GCC_PREPROCESSOR_DEFINITIONS = (
					"DEBUG=1",
					"$(inherited)",
				);
				GCC_WARN_64_TO_32_BIT_CONVERSION = YES;
				GCC_WARN_ABOUT_RETURN_TYPE = YES_ERROR;
				GCC_WARN_UNDECLARED_SELECTOR = YES;
				GCC_WARN_UNINITIALIZED_AUTOS = YES_AGGRESSIVE;
				GCC_WARN_UNUSED_FUNCTION = YES;
				GCC_WARN_UNUSED_VARIABLE = YES;
				IPHONEOS_DEPLOYMENT_TARGET = 26.2;
				LOCALIZATION_PREFERS_STRING_CATALOGS = YES;
				MTL_ENABLE_DEBUG_INFO = INCLUDE_SOURCE;
				MTL_FAST_MATH = YES;
				ONLY_ACTIVE_ARCH = YES;
				SDKROOT = iphoneos;
				SWIFT_ACTIVE_COMPILATION_CONDITIONS = "DEBUG $(inherited)";
				SWIFT_OPTIMIZATION_LEVEL = "-Onone";
			};
			name = Debug;
		};
		460FE1952F71DA3200839783 /* Release */ = {
			isa = XCBuildConfiguration;
			buildSettings = {
				ALWAYS_SEARCH_USER_PATHS = NO;
				ASSETCATALOG_COMPILER_GENERATE_SWIFT_ASSET_SYMBOL_EXTENSIONS = YES;
				CLANG_ANALYZER_NONNULL = YES;
				CLANG_ANALYZER_NUMBER_OBJECT_CONVERSION = YES_AGGRESSIVE;
				CLANG_CXX_LANGUAGE_STANDARD = "gnu++20";
				CLANG_ENABLE_MODULES = YES;
				CLANG_ENABLE_OBJC_ARC = YES;
				CLANG_ENABLE_OBJC_WEAK = YES;
				CLANG_WARN_BLOCK_CAPTURE_AUTORELEASING = YES;
				CLANG_WARN_BOOL_CONVERSION = YES;
				CLANG_WARN_COMMA = YES;
				CLANG_WARN_CONSTANT_CONVERSION = YES;
				CLANG_WARN_DEPRECATED_OBJC_IMPLEMENTATIONS = YES;
				CLANG_WARN_DIRECT_OBJC_ISA_USAGE = YES_ERROR;
				CLANG_WARN_DOCUMENTATION_COMMENTS = YES;
				CLANG_WARN_EMPTY_BODY = YES;
				CLANG_WARN_ENUM_CONVERSION = YES;
				CLANG_WARN_INFINITE_RECURSION = YES;
				CLANG_WARN_INT_CONVERSION = YES;
				CLANG_WARN_NON_LITERAL_NULL_CONVERSION = YES;
				CLANG_WARN_OBJC_IMPLICIT_RETAIN_SELF = YES;
				CLANG_WARN_OBJC_LITERAL_CONVERSION = YES;
				CLANG_WARN_OBJC_ROOT_CLASS = YES_ERROR;
				CLANG_WARN_QUOTED_INCLUDE_IN_FRAMEWORK_HEADER = YES;
				CLANG_WARN_RANGE_LOOP_ANALYSIS = YES;
				CLANG_WARN_STRICT_PROTOTYPES = YES;
				CLANG_WARN_SUSPICIOUS_MOVE = YES;
				CLANG_WARN_UNGUARDED_AVAILABILITY = YES_AGGRESSIVE;
				CLANG_WARN_UNREACHABLE_CODE = YES;
				CLANG_WARN__DUPLICATE_METHOD_MATCH = YES;
				COPY_PHASE_STRIP = NO;
				DEBUG_INFORMATION_FORMAT = "dwarf-with-dsym";
				DEVELOPMENT_TEAM = "";
				ENABLE_NS_ASSERTIONS = NO;
				ENABLE_STRICT_OBJC_MSGSEND = YES;
				ENABLE_USER_SCRIPT_SANDBOXING = NO;
				GCC_C_LANGUAGE_STANDARD = gnu17;
				GCC_NO_COMMON_BLOCKS = YES;
				GCC_WARN_64_TO_32_BIT_CONVERSION = YES;
				GCC_WARN_ABOUT_RETURN_TYPE = YES_ERROR;
				GCC_WARN_UNDECLARED_SELECTOR = YES;
				GCC_WARN_UNINITIALIZED_AUTOS = YES_AGGRESSIVE;
				GCC_WARN_UNUSED_FUNCTION = YES;
				GCC_WARN_UNUSED_VARIABLE = YES;
				IPHONEOS_DEPLOYMENT_TARGET = 26.2;
				LOCALIZATION_PREFERS_STRING_CATALOGS = YES;
				MTL_ENABLE_DEBUG_INFO = NO;
				MTL_FAST_MATH = YES;
				SDKROOT = iphoneos;
				SWIFT_COMPILATION_MODE = wholemodule;
				VALIDATE_PRODUCT = YES;
			};
			name = Release;
		};
		460FE1972F71DA3200839783 /* Debug */ = {
			isa = XCBuildConfiguration;
			buildSettings = {
				ASSETCATALOG_COMPILER_APPICON_NAME = AppIcon;
				ASSETCATALOG_COMPILER_GLOBAL_ACCENT_COLOR_NAME = AccentColor;
				CODE_SIGN_ENTITLEMENTS = "Keya Authenticator/Keya Authenticator.entitlements";
				CODE_SIGN_IDENTITY = "Apple Development";
				CODE_SIGN_STYLE = Automatic;
				CURRENT_PROJECT_VERSION = 8;
				DEVELOPMENT_TEAM = "";
				ENABLE_PREVIEWS = YES;
				GENERATE_INFOPLIST_FILE = NO;
				INFOPLIST_FILE = "Keya Authenticator/Resources/Info.plist";
				INFOPLIST_KEY_LSApplicationCategoryType = "public.app-category.utilities";
				INFOPLIST_KEY_UIApplicationSceneManifest_Generation = YES;
				INFOPLIST_KEY_UIApplicationSupportsIndirectInputEvents = YES;
				INFOPLIST_KEY_UILaunchScreen_Generation = YES;
				INFOPLIST_KEY_UISupportedInterfaceOrientations_iPhone = "UIInterfaceOrientationPortrait UIInterfaceOrientationLandscapeLeft UIInterfaceOrientationLandscapeRight";
				IPHONEOS_DEPLOYMENT_TARGET = 18;
				LD_RUNPATH_SEARCH_PATHS = (
					"$(inherited)",
					"@executable_path/Frameworks",
				);
				MARKETING_VERSION = 1.1.0;
				PRODUCT_BUNDLE_IDENTIFIER = ee.exx.KeyaAuthenticator;
				PRODUCT_NAME = "$(TARGET_NAME)";
				PROVISIONING_PROFILE_SPECIFIER = "";
				STRING_CATALOG_GENERATE_SYMBOLS = YES;
				SWIFT_APPROACHABLE_CONCURRENCY = YES;
				SWIFT_DEFAULT_ACTOR_ISOLATION = MainActor;
				SWIFT_EMIT_LOC_STRINGS = YES;
				SWIFT_UPCOMING_FEATURE_MEMBER_IMPORT_VISIBILITY = YES;
				SWIFT_VERSION = 5.0;
				TARGETED_DEVICE_FAMILY = 1;
			};
			name = Debug;
		};
		460FE1982F71DA3200839783 /* Release */ = {
			isa = XCBuildConfiguration;
			buildSettings = {
				ASSETCATALOG_COMPILER_APPICON_NAME = AppIcon;
				ASSETCATALOG_COMPILER_GLOBAL_ACCENT_COLOR_NAME = AccentColor;
				CODE_SIGN_ENTITLEMENTS = "Keya Authenticator/Keya Authenticator.entitlements";
				CODE_SIGN_IDENTITY = "Apple Development";
				CODE_SIGN_STYLE = Automatic;
				CURRENT_PROJECT_VERSION = 8;
				DEVELOPMENT_TEAM = "";
				ENABLE_PREVIEWS = YES;
				GENERATE_INFOPLIST_FILE = NO;
				INFOPLIST_FILE = "Keya Authenticator/Resources/Info.plist";
				INFOPLIST_KEY_LSApplicationCategoryType = "public.app-category.utilities";
				INFOPLIST_KEY_UIApplicationSceneManifest_Generation = YES;
				INFOPLIST_KEY_UIApplicationSupportsIndirectInputEvents = YES;
				INFOPLIST_KEY_UILaunchScreen_Generation = YES;
				INFOPLIST_KEY_UISupportedInterfaceOrientations_iPhone = "UIInterfaceOrientationPortrait UIInterfaceOrientationLandscapeLeft UIInterfaceOrientationLandscapeRight";
				IPHONEOS_DEPLOYMENT_TARGET = 18;
				LD_RUNPATH_SEARCH_PATHS = (
					"$(inherited)",
					"@executable_path/Frameworks",
				);
				MARKETING_VERSION = 1.1.0;
				PRODUCT_BUNDLE_IDENTIFIER = ee.exx.KeyaAuthenticator;
				PRODUCT_NAME = "$(TARGET_NAME)";
				PROVISIONING_PROFILE_SPECIFIER = "";
				STRING_CATALOG_GENERATE_SYMBOLS = YES;
				SWIFT_APPROACHABLE_CONCURRENCY = YES;
				SWIFT_DEFAULT_ACTOR_ISOLATION = MainActor;
				SWIFT_EMIT_LOC_STRINGS = YES;
				SWIFT_UPCOMING_FEATURE_MEMBER_IMPORT_VISIBILITY = YES;
				SWIFT_VERSION = 5.0;
				TARGETED_DEVICE_FAMILY = 1;
			};
			name = Release;
		};
		46AA000A2F71DA2E00839783 /* Debug */ = {
			isa = XCBuildConfiguration;
			buildSettings = {
				BUNDLE_LOADER = "$(TEST_HOST)";
				CODE_SIGN_STYLE = Automatic;
				CURRENT_PROJECT_VERSION = 6;
				DEVELOPMENT_TEAM = "";
				GENERATE_INFOPLIST_FILE = YES;
				IPHONEOS_DEPLOYMENT_TARGET = 18;
				MARKETING_VERSION = 1.0.2;
				PRODUCT_BUNDLE_IDENTIFIER = com.es.keya.tests;
				PRODUCT_NAME = "$(TARGET_NAME)";
				SWIFT_ACTIVE_COMPILATION_CONDITIONS = "DEBUG $(inherited)";
				SWIFT_OPTIMIZATION_LEVEL = "-Onone";
				SWIFT_VERSION = 5.0;
				TARGETED_DEVICE_FAMILY = 1;
				TEST_HOST = "$(BUILT_PRODUCTS_DIR)/Keya Authenticator.app/$(BUNDLE_EXECUTABLE_FOLDER_PATH)/Keya Authenticator";
			};
			name = Debug;
		};
		46AA000B2F71DA2E00839783 /* Release */ = {
			isa = XCBuildConfiguration;
			buildSettings = {
				BUNDLE_LOADER = "$(TEST_HOST)";
				CODE_SIGN_STYLE = Automatic;
				CURRENT_PROJECT_VERSION = 6;
				DEVELOPMENT_TEAM = "";
				GENERATE_INFOPLIST_FILE = YES;
				IPHONEOS_DEPLOYMENT_TARGET = 18;
				MARKETING_VERSION = 1.0.2;
				PRODUCT_BUNDLE_IDENTIFIER = com.es.keya.tests;
				PRODUCT_NAME = "$(TARGET_NAME)";
				SWIFT_VERSION = 5.0;
				TARGETED_DEVICE_FAMILY = 1;
				TEST_HOST = "$(BUILT_PRODUCTS_DIR)/Keya Authenticator.app/$(BUNDLE_EXECUTABLE_FOLDER_PATH)/Keya Authenticator";
			};
			name = Release;
		};
		8342C4D23B58A4BD64BB9D44 /* Release */ = {
			isa = XCBuildConfiguration;
			buildSettings = {
				CLANG_ENABLE_OBJC_WEAK = NO;
				CODE_SIGN_ENTITLEMENTS = CredentialProviderExtension/CredentialProviderExtension.entitlements;
				CODE_SIGN_IDENTITY = "Apple Development";
				CODE_SIGN_STYLE = Automatic;
				CURRENT_PROJECT_VERSION = 8;
				DEVELOPMENT_TEAM = "";
				GENERATE_INFOPLIST_FILE = NO;
				INFOPLIST_FILE = CredentialProviderExtension/Info.plist;
				IPHONEOS_DEPLOYMENT_TARGET = 18;
				LD_RUNPATH_SEARCH_PATHS = (
					"$(inherited)",
					"@executable_path/../../Frameworks",
				);
				MARKETING_VERSION = 1.1.0;
				PRODUCT_BUNDLE_IDENTIFIER = ee.exx.KeyaAuthenticator.CredentialProviderExtension;
				PRODUCT_NAME = "$(TARGET_NAME)";
				PROVISIONING_PROFILE_SPECIFIER = "";
				SDKROOT = iphoneos;
				SKIP_INSTALL = YES;
				SWIFT_APPROACHABLE_CONCURRENCY = YES;
				SWIFT_DEFAULT_ACTOR_ISOLATION = MainActor;
				SWIFT_EMIT_LOC_STRINGS = YES;
				SWIFT_VERSION = 5.0;
				TARGETED_DEVICE_FAMILY = 1;
				VALIDATE_PRODUCT = YES;
			};
			name = Release;
		};
		B6AEC3CB26FFCB144BEDB367 /* Debug */ = {
			isa = XCBuildConfiguration;
			buildSettings = {
				CLANG_ENABLE_OBJC_WEAK = NO;
				CODE_SIGN_ENTITLEMENTS = CredentialProviderExtension/CredentialProviderExtension.entitlements;
				CODE_SIGN_IDENTITY = "Apple Development";
				CODE_SIGN_STYLE = Automatic;
				CURRENT_PROJECT_VERSION = 8;
				DEVELOPMENT_TEAM = "";
				GENERATE_INFOPLIST_FILE = NO;
				INFOPLIST_FILE = CredentialProviderExtension/Info.plist;
				IPHONEOS_DEPLOYMENT_TARGET = 18;
				LD_RUNPATH_SEARCH_PATHS = (
					"$(inherited)",
					"@executable_path/../../Frameworks",
				);
				MARKETING_VERSION = 1.1.0;
				PRODUCT_BUNDLE_IDENTIFIER = ee.exx.KeyaAuthenticator.CredentialProviderExtension;
				PRODUCT_NAME = "$(TARGET_NAME)";
				PROVISIONING_PROFILE_SPECIFIER = "";
				SDKROOT = iphoneos;
				SKIP_INSTALL = YES;
				SWIFT_APPROACHABLE_CONCURRENCY = YES;
				SWIFT_DEFAULT_ACTOR_ISOLATION = MainActor;
				SWIFT_EMIT_LOC_STRINGS = YES;
				SWIFT_VERSION = 5.0;
				TARGETED_DEVICE_FAMILY = 1;
			};
			name = Debug;
		};
/* End XCBuildConfiguration section */

/* Begin XCConfigurationList section */
		460FE1862F71DA2E00839783 /* Build configuration list for PBXProject "Keya Authenticator" */ = {
			isa = XCConfigurationList;
			buildConfigurations = (
				460FE1942F71DA3200839783 /* Debug */,
				460FE1952F71DA3200839783 /* Release */,
			);
			defaultConfigurationIsVisible = 0;
			defaultConfigurationName = Release;
		};
		460FE1962F71DA3200839783 /* Build configuration list for PBXNativeTarget "Keya Authenticator" */ = {
			isa = XCConfigurationList;
			buildConfigurations = (
				460FE1972F71DA3200839783 /* Debug */,
				460FE1982F71DA3200839783 /* Release */,
			);
			defaultConfigurationIsVisible = 0;
			defaultConfigurationName = Release;
		};
		46AA00092F71DA2E00839783 /* Build configuration list for PBXNativeTarget "Keya AuthenticatorTests" */ = {
			isa = XCConfigurationList;
			buildConfigurations = (
				46AA000A2F71DA2E00839783 /* Debug */,
				46AA000B2F71DA2E00839783 /* Release */,
			);
			defaultConfigurationIsVisible = 0;
			defaultConfigurationName = Release;
		};
		7AEFB84C86C326E3981A5648 /* Build configuration list for PBXNativeTarget "CredentialProviderExtension" */ = {
			isa = XCConfigurationList;
			buildConfigurations = (
				8342C4D23B58A4BD64BB9D44 /* Release */,
				B6AEC3CB26FFCB144BEDB367 /* Debug */,
			);
			defaultConfigurationIsVisible = 0;
			defaultConfigurationName = Release;
		};
/* End XCConfigurationList section */
	};
	rootObject = 460FE1832F71DA2E00839783 /* Project object */;
}
